
Microsoft Visual Studio Solution File, Format Version 12.00
# Visual Studio Version 16
VisualStudioVersion = 16.0.30717.126
MinimumVisualStudioVersion = 10.0.40219.1
Project("{2150E333-8FDC-42A3-9474-1A3956D46DE8}") = "Days", "Days", "{E5FA810A-0773-43E5-B536-318368A9DC3F}"
EndProject
Project("{9A19103F-16F7-4668-BE54-9A1E7A4F7556}") = "Day01", "Day01\Day01.csproj", "{3E1E4CEE-6912-4C7C-8E34-289236E9F002}"
EndProject
Project("{9A19103F-16F7-4668-BE54-9A1E7A4F7556}") = "Utils", "Common\Utils.csproj", "{58E22E32-754D-4212-A176-EBB1E1CC6008}"
EndProject
Project("{FAE04EC0-301F-11D3-BF4B-00C04F79EFBC}") = "Day02", "Day02\Day02.csproj", "{2EA443F0-720F-4C1B-B07D-EE23421AB187}"
EndProject
Project("{FAE04EC0-301F-11D3-BF4B-00C04F79EFBC}") = "Day03", "Day03\Day03.csproj", "{AA823EDD-EA5B-4248-B11B-8FDE29D3A71A}"
EndProject
Project("{FAE04EC0-301F-11D3-BF4B-00C04F79EFBC}") = "Day04", "Day04\Day04.csproj", "{394838D9-DA42-48CD-AC64-0264F0380219}"
EndProject
Project("{FAE04EC0-301F-11D3-BF4B-00C04F79EFBC}") = "Day05", "Day05\Day05.csproj", "{42B8BAFD-2730-4D4F-B40F-FA50E254CB4A}"
EndProject
Project("{FAE04EC0-301F-11D3-BF4B-00C04F79EFBC}") = "Day06", "Day06\Day06.csproj", "{B490B4DA-7CEC-45C0-B231-F77A39F4A45E}"
EndProject
Project("{FAE04EC0-301F-11D3-BF4B-00C04F79EFBC}") = "Day07", "Day07\Day07.csproj", "{D266D791-563E-41EC-BA59-72B8BD99A5A3}"
EndProject
Project("{FAE04EC0-301F-11D3-BF4B-00C04F79EFBC}") = "Day08", "Day08\Day08.csproj", "{59C0E26D-EAB3-4614-A375-E5B2B43DFDBE}"
EndProject
Project("{FAE04EC0-301F-11D3-BF4B-00C04F79EFBC}") = "Day09", "Day09\Day09.csproj", "{31AED130-1A2D-438A-AAEB-E73A6101D795}"
EndProject
Project("{FAE04EC0-301F-11D3-BF4B-00C04F79EFBC}") = "Day10", "Day10\Day10.csproj", "{44FD5F44-379C-4875-8FB4-746C642F8646}"
EndProject
Project("{FAE04EC0-301F-11D3-BF4B-00C04F79EFBC}") = "Tests", "Tests\Tests.csproj", "{E8618130-4FD1-401F-ABF5-F37E2E92E73C}"
EndProject
Project("{2150E333-8FDC-42A3-9474-1A3956D46DE8}") = "Common", "Common", "{373180E7-7B6D-483D-A1D2-C7AB2C0CBBD7}"
EndProject
Global
	GlobalSection(SolutionConfigurationPlatforms) = preSolution
		Debug|Any CPU = Debug|Any CPU
		Release|Any CPU = Release|Any CPU
	EndGlobalSection
	GlobalSection(ProjectConfigurationPlatforms) = postSolution
		{3E1E4CEE-6912-4C7C-8E34-289236E9F002}.Debug|Any CPU.ActiveCfg = Debug|Any CPU
		{3E1E4CEE-6912-4C7C-8E34-289236E9F002}.Debug|Any CPU.Build.0 = Debug|Any CPU
		{3E1E4CEE-6912-4C7C-8E34-289236E9F002}.Release|Any CPU.ActiveCfg = Release|Any CPU
		{3E1E4CEE-6912-4C7C-8E34-289236E9F002}.Release|Any CPU.Build.0 = Release|Any CPU
		{58E22E32-754D-4212-A176-EBB1E1CC6008}.Debug|Any CPU.ActiveCfg = Debug|Any CPU
		{58E22E32-754D-4212-A176-EBB1E1CC6008}.Debug|Any CPU.Build.0 = Debug|Any CPU
		{58E22E32-754D-4212-A176-EBB1E1CC6008}.Release|Any CPU.ActiveCfg = Release|Any CPU
		{58E22E32-754D-4212-A176-EBB1E1CC6008}.Release|Any CPU.Build.0 = Release|Any CPU
		{2EA443F0-720F-4C1B-B07D-EE23421AB187}.Debug|Any CPU.ActiveCfg = Debug|Any CPU
		{2EA443F0-720F-4C1B-B07D-EE23421AB187}.Debug|Any CPU.Build.0 = Debug|Any CPU
		{2EA443F0-720F-4C1B-B07D-EE23421AB187}.Release|Any CPU.ActiveCfg = Release|Any CPU
		{2EA443F0-720F-4C1B-B07D-EE23421AB187}.Release|Any CPU.Build.0 = Release|Any CPU
		{AA823EDD-EA5B-4248-B11B-8FDE29D3A71A}.Debug|Any CPU.ActiveCfg = Debug|Any CPU
		{AA823EDD-EA5B-4248-B11B-8FDE29D3A71A}.Debug|Any CPU.Build.0 = Debug|Any CPU
		{AA823EDD-EA5B-4248-B11B-8FDE29D3A71A}.Release|Any CPU.ActiveCfg = Release|Any CPU
		{AA823EDD-EA5B-4248-B11B-8FDE29D3A71A}.Release|Any CPU.Build.0 = Release|Any CPU
		{394838D9-DA42-48CD-AC64-0264F0380219}.Debug|Any CPU.ActiveCfg = Debug|Any CPU
		{394838D9-DA42-48CD-AC64-0264F0380219}.Debug|Any CPU.Build.0 = Debug|Any CPU
		{394838D9-DA42-48CD-AC64-0264F0380219}.Release|Any CPU.ActiveCfg = Release|Any CPU
		{394838D9-DA42-48CD-AC64-0264F0380219}.Release|Any CPU.Build.0 = Release|Any CPU
		{42B8BAFD-2730-4D4F-B40F-FA50E254CB4A}.Debug|Any CPU.ActiveCfg = Debug|Any CPU
		{42B8BAFD-2730-4D4F-B40F-FA50E254CB4A}.Debug|Any CPU.Build.0 = Debug|Any CPU
		{42B8BAFD-2730-4D4F-B40F-FA50E254CB4A}.Release|Any CPU.ActiveCfg = Release|Any CPU
		{42B8BAFD-2730-4D4F-B40F-FA50E254CB4A}.Release|Any CPU.Build.0 = Release|Any CPU
		{B490B4DA-7CEC-45C0-B231-F77A39F4A45E}.Debug|Any CPU.ActiveCfg = Debug|Any CPU
		{B490B4DA-7CEC-45C0-B231-F77A39F4A45E}.Debug|Any CPU.Build.0 = Debug|Any CPU
		{B490B4DA-7CEC-45C0-B231-F77A39F4A45E}.Release|Any CPU.ActiveCfg = Release|Any CPU
		{B490B4DA-7CEC-45C0-B231-F77A39F4A45E}.Release|Any CPU.Build.0 = Release|Any CPU
		{D266D791-563E-41EC-BA59-72B8BD99A5A3}.Debug|Any CPU.ActiveCfg = Debug|Any CPU
		{D266D791-563E-41EC-BA59-72B8BD99A5A3}.Debug|Any CPU.Build.0 = Debug|Any CPU
		{D266D791-563E-41EC-BA59-72B8BD99A5A3}.Release|Any CPU.ActiveCfg = Release|Any CPU
		{D266D791-563E-41EC-BA59-72B8BD99A5A3}.Release|Any CPU.Build.0 = Release|Any CPU
		{59C0E26D-EAB3-4614-A375-E5B2B43DFDBE}.Debug|Any CPU.ActiveCfg = Debug|Any CPU
		{59C0E26D-EAB3-4614-A375-E5B2B43DFDBE}.Debug|Any CPU.Build.0 = Debug|Any CPU
		{59C0E26D-EAB3-4614-A375-E5B2B43DFDBE}.Release|Any CPU.ActiveCfg = Release|Any CPU
		{59C0E26D-EAB3-4614-A375-E5B2B43DFDBE}.Release|Any CPU.Build.0 = Release|Any CPU
		{31AED130-1A2D-438A-AAEB-E73A6101D795}.Debug|Any CPU.ActiveCfg = Debug|Any CPU
		{31AED130-1A2D-438A-AAEB-E73A6101D795}.Debug|Any CPU.Build.0 = Debug|Any CPU
		{31AED130-1A2D-438A-AAEB-E73A6101D795}.Release|Any CPU.ActiveCfg = Release|Any CPU
		{31AED130-1A2D-438A-AAEB-E73A6101D795}.Release|Any CPU.Build.0 = Release|Any CPU
		{44FD5F44-379C-4875-8FB4-746C642F8646}.Debug|Any CPU.ActiveCfg = Debug|Any CPU
		{44FD5F44-379C-4875-8FB4-746C642F8646}.Debug|Any CPU.Build.0 = Debug|Any CPU
		{44FD5F44-379C-4875-8FB4-746C642F8646}.Release|Any CPU.ActiveCfg = Release|Any CPU
		{44FD5F44-379C-4875-8FB4-746C642F8646}.Release|Any CPU.Build.0 = Release|Any CPU
		{E8618130-4FD1-401F-ABF5-F37E2E92E73C}.Debug|Any CPU.ActiveCfg = Debug|Any CPU
		{E8618130-4FD1-401F-ABF5-F37E2E92E73C}.Debug|Any CPU.Build.0 = Debug|Any CPU
		{E8618130-4FD1-401F-ABF5-F37E2E92E73C}.Release|Any CPU.ActiveCfg = Release|Any CPU
		{E8618130-4FD1-401F-ABF5-F37E2E92E73C}.Release|Any CPU.Build.0 = Release|Any CPU
	EndGlobalSection
	GlobalSection(SolutionProperties) = preSolution
		HideSolutionNode = FALSE
	EndGlobalSection
	GlobalSection(NestedProjects) = preSolution
		{3E1E4CEE-6912-4C7C-8E34-289236E9F002} = {E5FA810A-0773-43E5-B536-318368A9DC3F}
		{58E22E32-754D-4212-A176-EBB1E1CC6008} = {373180E7-7B6D-483D-A1D2-C7AB2C0CBBD7}
		{2EA443F0-720F-4C1B-B07D-EE23421AB187} = {E5FA810A-0773-43E5-B536-318368A9DC3F}
		{AA823EDD-EA5B-4248-B11B-8FDE29D3A71A} = {E5FA810A-0773-43E5-B536-318368A9DC3F}
		{394838D9-DA42-48CD-AC64-0264F0380219} = {E5FA810A-0773-43E5-B536-318368A9DC3F}
		{42B8BAFD-2730-4D4F-B40F-FA50E254CB4A} = {E5FA810A-0773-43E5-B536-318368A9DC3F}
		{B490B4DA-7CEC-45C0-B231-F77A39F4A45E} = {E5FA810A-0773-43E5-B536-318368A9DC3F}
		{D266D791-563E-41EC-BA59-72B8BD99A5A3} = {E5FA810A-0773-43E5-B536-318368A9DC3F}
		{59C0E26D-EAB3-4614-A375-E5B2B43DFDBE} = {E5FA810A-0773-43E5-B536-318368A9DC3F}
		{31AED130-1A2D-438A-AAEB-E73A6101D795} = {E5FA810A-0773-43E5-B536-318368A9DC3F}
		{44FD5F44-379C-4875-8FB4-746C642F8646} = {E5FA810A-0773-43E5-B536-318368A9DC3F}
	EndGlobalSection
	GlobalSection(ExtensibilityGlobals) = postSolution
		SolutionGuid = {2E7EF15A-93DA-482B-A410-6A8F4A632409}
	EndGlobalSection
EndGlobal
